
Microsoft Visual Studio Solution File, Format Version 12.00
# Visual Studio Version 17
VisualStudioVersion = 17.0.31903.59
MinimumVisualStudioVersion = 10.0.40219.1
Project("{2150E333-8FDC-42A3-9474-1A3956D46DE8}") = "src", "src", "{662EF9C7-CEA2-49D6-A172-528C2AC9A058}"
EndProject
Project("{FAE04EC0-301F-11D3-BF4B-00C04F79EFBC}") = "Agent01", "src\Agent01_BasicAgent\Agent01.csproj", "{0E10F82D-3F59-410B-B2D6-C41B13F15BDB}"
EndProject
Project("{FAE04EC0-301F-11D3-BF4B-00C04F79EFBC}") = "Core", "src\Core\Core.csproj", "{20D542B0-2F0F-4536-B984-50DE5E65A38F}"
EndProject
Project("{FAE04EC0-301F-11D3-BF4B-00C04F79EFBC}") = "Agent02", "src\Agent02_ChatAgent\Agent02.csproj", "{4B74DE31-769A-4AF1-AED5-322B56BB365F}"
EndProject
Project("{FAE04EC0-301F-11D3-BF4B-00C04F79EFBC}") = "Agent03", "src\Agent03_StructuredOutput\Agent03.csproj", "{2F50A114-470E-415E-982C-7B1C913B44CC}"
EndProject
Project("{FAE04EC0-301F-11D3-BF4B-00C04F79EFBC}") = "Agent04", "src\Agent04_ToolCalling\Agent04.csproj", "{AD4AD7EF-2607-4A51-A23D-1DA3A0DDA3EA}"
EndProject
Project("{FAE04EC0-301F-11D3-BF4B-00C04F79EFBC}") = "Agent05", "src\Agent05_HumanEscalation\Agent05.csproj", "{7A87E680-88A9-4153-97A1-21480D199CB8}"
EndProject
Project("{FAE04EC0-301F-11D3-BF4B-00C04F79EFBC}") = "Agent10", "src\Agent10_WebApi\Agent10.csproj", "{F2ECC8B1-3E93-4FF3-85A8-58EE1FEDCCBC}"
EndProject
Project("{FAE04EC0-301F-11D3-BF4B-00C04F79EFBC}") = "Agent06", "src\Agent06_Evaluator\Agent06.csproj", "{8279047A-83CF-4200-B19D-7E497B47A363}"
EndProject
Project("{FAE04EC0-301F-11D3-BF4B-00C04F79EFBC}") = "EmptyAgent", "src\Agent90_EmptyAgent\EmptyAgent.csproj", "{E6AADBDE-8E9C-478A-A638-142E2C18FD20}"
EndProject
Global
	GlobalSection(SolutionConfigurationPlatforms) = preSolution
		Debug|Any CPU = Debug|Any CPU
		Release|Any CPU = Release|Any CPU
	EndGlobalSection
	GlobalSection(SolutionProperties) = preSolution
		HideSolutionNode = FALSE
	EndGlobalSection
	GlobalSection(ProjectConfigurationPlatforms) = postSolution
		{0E10F82D-3F59-410B-B2D6-C41B13F15BDB}.Debug|Any CPU.ActiveCfg = Debug|Any CPU
		{0E10F82D-3F59-410B-B2D6-C41B13F15BDB}.Debug|Any CPU.Build.0 = Debug|Any CPU
		{0E10F82D-3F59-410B-B2D6-C41B13F15BDB}.Release|Any CPU.ActiveCfg = Release|Any CPU
		{0E10F82D-3F59-410B-B2D6-C41B13F15BDB}.Release|Any CPU.Build.0 = Release|Any CPU
		{20D542B0-2F0F-4536-B984-50DE5E65A38F}.Debug|Any CPU.ActiveCfg = Debug|Any CPU
		{20D542B0-2F0F-4536-B984-50DE5E65A38F}.Debug|Any CPU.Build.0 = Debug|Any CPU
		{20D542B0-2F0F-4536-B984-50DE5E65A38F}.Release|Any CPU.ActiveCfg = Release|Any CPU
		{20D542B0-2F0F-4536-B984-50DE5E65A38F}.Release|Any CPU.Build.0 = Release|Any CPU
		{4B74DE31-769A-4AF1-AED5-322B56BB365F}.Debug|Any CPU.ActiveCfg = Debug|Any CPU
		{4B74DE31-769A-4AF1-AED5-322B56BB365F}.Debug|Any CPU.Build.0 = Debug|Any CPU
		{4B74DE31-769A-4AF1-AED5-322B56BB365F}.Release|Any CPU.ActiveCfg = Release|Any CPU
		{4B74DE31-769A-4AF1-AED5-322B56BB365F}.Release|Any CPU.Build.0 = Release|Any CPU
		{2F50A114-470E-415E-982C-7B1C913B44CC}.Debug|Any CPU.ActiveCfg = Debug|Any CPU
		{2F50A114-470E-415E-982C-7B1C913B44CC}.Debug|Any CPU.Build.0 = Debug|Any CPU
		{2F50A114-470E-415E-982C-7B1C913B44CC}.Release|Any CPU.ActiveCfg = Release|Any CPU
		{2F50A114-470E-415E-982C-7B1C913B44CC}.Release|Any CPU.Build.0 = Release|Any CPU
		{AD4AD7EF-2607-4A51-A23D-1DA3A0DDA3EA}.Debug|Any CPU.ActiveCfg = Debug|Any CPU
		{AD4AD7EF-2607-4A51-A23D-1DA3A0DDA3EA}.Debug|Any CPU.Build.0 = Debug|Any CPU
		{AD4AD7EF-2607-4A51-A23D-1DA3A0DDA3EA}.Release|Any CPU.ActiveCfg = Release|Any CPU
		{AD4AD7EF-2607-4A51-A23D-1DA3A0DDA3EA}.Release|Any CPU.Build.0 = Release|Any CPU
		{7A87E680-88A9-4153-97A1-21480D199CB8}.Debug|Any CPU.ActiveCfg = Debug|Any CPU
		{7A87E680-88A9-4153-97A1-21480D199CB8}.Debug|Any CPU.Build.0 = Debug|Any CPU
		{7A87E680-88A9-4153-97A1-21480D199CB8}.Release|Any CPU.ActiveCfg = Release|Any CPU
		{7A87E680-88A9-4153-97A1-21480D199CB8}.Release|Any CPU.Build.0 = Release|Any CPU
		{F2ECC8B1-3E93-4FF3-85A8-58EE1FEDCCBC}.Debug|Any CPU.ActiveCfg = Debug|Any CPU
		{F2ECC8B1-3E93-4FF3-85A8-58EE1FEDCCBC}.Debug|Any CPU.Build.0 = Debug|Any CPU
		{F2ECC8B1-3E93-4FF3-85A8-58EE1FEDCCBC}.Release|Any CPU.ActiveCfg = Release|Any CPU
		{F2ECC8B1-3E93-4FF3-85A8-58EE1FEDCCBC}.Release|Any CPU.Build.0 = Release|Any CPU
		{8279047A-83CF-4200-B19D-7E497B47A363}.Debug|Any CPU.ActiveCfg = Debug|Any CPU
		{8279047A-83CF-4200-B19D-7E497B47A363}.Debug|Any CPU.Build.0 = Debug|Any CPU
		{8279047A-83CF-4200-B19D-7E497B47A363}.Release|Any CPU.ActiveCfg = Release|Any CPU
		{8279047A-83CF-4200-B19D-7E497B47A363}.Release|Any CPU.Build.0 = Release|Any CPU
		{E6AADBDE-8E9C-478A-A638-142E2C18FD20}.Debug|Any CPU.ActiveCfg = Debug|Any CPU
		{E6AADBDE-8E9C-478A-A638-142E2C18FD20}.Debug|Any CPU.Build.0 = Debug|Any CPU
		{E6AADBDE-8E9C-478A-A638-142E2C18FD20}.Release|Any CPU.ActiveCfg = Release|Any CPU
		{E6AADBDE-8E9C-478A-A638-142E2C18FD20}.Release|Any CPU.Build.0 = Release|Any CPU
	EndGlobalSection
	GlobalSection(NestedProjects) = preSolution
		{0E10F82D-3F59-410B-B2D6-C41B13F15BDB} = {662EF9C7-CEA2-49D6-A172-528C2AC9A058}
		{20D542B0-2F0F-4536-B984-50DE5E65A38F} = {662EF9C7-CEA2-49D6-A172-528C2AC9A058}
		{4B74DE31-769A-4AF1-AED5-322B56BB365F} = {662EF9C7-CEA2-49D6-A172-528C2AC9A058}
		{2F50A114-470E-415E-982C-7B1C913B44CC} = {662EF9C7-CEA2-49D6-A172-528C2AC9A058}
		{AD4AD7EF-2607-4A51-A23D-1DA3A0DDA3EA} = {662EF9C7-CEA2-49D6-A172-528C2AC9A058}
		{7A87E680-88A9-4153-97A1-21480D199CB8} = {662EF9C7-CEA2-49D6-A172-528C2AC9A058}
		{F2ECC8B1-3E93-4FF3-85A8-58EE1FEDCCBC} = {662EF9C7-CEA2-49D6-A172-528C2AC9A058}
		{8279047A-83CF-4200-B19D-7E497B47A363} = {662EF9C7-CEA2-49D6-A172-528C2AC9A058}
		{E6AADBDE-8E9C-478A-A638-142E2C18FD20} = {662EF9C7-CEA2-49D6-A172-528C2AC9A058}
	EndGlobalSection
EndGlobal
